
Microsoft Visual Studio Solution File, Format Version 12.00
# Visual Studio 15
VisualStudioVersion = 15.0.26430.14
MinimumVisualStudioVersion = 10.0.40219.1
Project("{8BC9CEB8-8B4A-11D0-8D11-00A0C91BC942}") = "Server", "Server\Server.vcxproj", "{360D0266-7121-4700-9B18-31B8D48089A1}"
	ProjectSection(ProjectDependencies) = postProject
		{75367C11-E3C2-439F-8F85-01D2A6735BD0} = {75367C11-E3C2-439F-8F85-01D2A6735BD0}
		{39888074-6239-497A-8154-9E2022F26C22} = {39888074-6239-497A-8154-9E2022F26C22}
		{7DD5CBE3-BEC0-48F0-950A-6B0B1C104105} = {7DD5CBE3-BEC0-48F0-950A-6B0B1C104105}
	EndProjectSection
EndProject
Project("{8BC9CEB8-8B4A-11D0-8D11-00A0C91BC942}") = "Client", "Client\vc2015\u-gine.vcxproj", "{88864902-00CE-4236-B768-D7B8CA6A4D82}"
	ProjectSection(ProjectDependencies) = postProject
		{75367C11-E3C2-439F-8F85-01D2A6735BD0} = {75367C11-E3C2-439F-8F85-01D2A6735BD0}
		{360D0266-7121-4700-9B18-31B8D48089A1} = {360D0266-7121-4700-9B18-31B8D48089A1}
		{39888074-6239-497A-8154-9E2022F26C22} = {39888074-6239-497A-8154-9E2022F26C22}
		{7DD5CBE3-BEC0-48F0-950A-6B0B1C104105} = {7DD5CBE3-BEC0-48F0-950A-6B0B1C104105}
	EndProjectSection
EndProject
Project("{8BC9CEB8-8B4A-11D0-8D11-00A0C91BC942}") = "Shared", "Shared\Shared.vcxproj", "{7DD5CBE3-BEC0-48F0-950A-6B0B1C104105}"
	ProjectSection(ProjectDependencies) = postProject
		{75367C11-E3C2-439F-8F85-01D2A6735BD0} = {75367C11-E3C2-439F-8F85-01D2A6735BD0}
		{39888074-6239-497A-8154-9E2022F26C22} = {39888074-6239-497A-8154-9E2022F26C22}
	EndProjectSection
EndProject
Project("{8BC9CEB8-8B4A-11D0-8D11-00A0C91BC942}") = "EnetWrapper", "EnetWrapper\EnetWrapper.vcxproj", "{39888074-6239-497A-8154-9E2022F26C22}"
	ProjectSection(ProjectDependencies) = postProject
		{75367C11-E3C2-439F-8F85-01D2A6735BD0} = {75367C11-E3C2-439F-8F85-01D2A6735BD0}
	EndProjectSection
EndProject
Project("{8BC9CEB8-8B4A-11D0-8D11-00A0C91BC942}") = "enet", "enet-2.0\enet.vcxproj", "{75367C11-E3C2-439F-8F85-01D2A6735BD0}"
EndProject
Global
	GlobalSection(SolutionConfigurationPlatforms) = preSolution
		Debug|x64 = Debug|x64
		Debug|x86 = Debug|x86
		Release|x64 = Release|x64
		Release|x86 = Release|x86
	EndGlobalSection
	GlobalSection(ProjectConfigurationPlatforms) = postSolution
		{360D0266-7121-4700-9B18-31B8D48089A1}.Debug|x64.ActiveCfg = Debug|Win32
		{360D0266-7121-4700-9B18-31B8D48089A1}.Debug|x64.Build.0 = Debug|Win32
		{360D0266-7121-4700-9B18-31B8D48089A1}.Debug|x86.ActiveCfg = Debug|Win32
		{360D0266-7121-4700-9B18-31B8D48089A1}.Debug|x86.Build.0 = Debug|Win32
		{360D0266-7121-4700-9B18-31B8D48089A1}.Release|x64.ActiveCfg = Release|Win32
		{360D0266-7121-4700-9B18-31B8D48089A1}.Release|x86.ActiveCfg = Release|Win32
		{360D0266-7121-4700-9B18-31B8D48089A1}.Release|x86.Build.0 = Release|Win32
		{88864902-00CE-4236-B768-D7B8CA6A4D82}.Debug|x64.ActiveCfg = Debug|Win32
		{88864902-00CE-4236-B768-D7B8CA6A4D82}.Debug|x64.Build.0 = Debug|Win32
		{88864902-00CE-4236-B768-D7B8CA6A4D82}.Debug|x86.ActiveCfg = Debug|Win32
		{88864902-00CE-4236-B768-D7B8CA6A4D82}.Debug|x86.Build.0 = Debug|Win32
		{88864902-00CE-4236-B768-D7B8CA6A4D82}.Release|x64.ActiveCfg = Release|Win32
		{88864902-00CE-4236-B768-D7B8CA6A4D82}.Release|x86.ActiveCfg = Release|Win32
		{88864902-00CE-4236-B768-D7B8CA6A4D82}.Release|x86.Build.0 = Release|Win32
		{7DD5CBE3-BEC0-48F0-950A-6B0B1C104105}.Debug|x64.ActiveCfg = Debug|Win32
		{7DD5CBE3-BEC0-48F0-950A-6B0B1C104105}.Debug|x64.Build.0 = Debug|Win32
		{7DD5CBE3-BEC0-48F0-950A-6B0B1C104105}.Debug|x86.ActiveCfg = Debug|Win32
		{7DD5CBE3-BEC0-48F0-950A-6B0B1C104105}.Debug|x86.Build.0 = Debug|Win32
		{7DD5CBE3-BEC0-48F0-950A-6B0B1C104105}.Release|x64.ActiveCfg = Release|x64
		{7DD5CBE3-BEC0-48F0-950A-6B0B1C104105}.Release|x64.Build.0 = Release|x64
		{7DD5CBE3-BEC0-48F0-950A-6B0B1C104105}.Release|x86.ActiveCfg = Release|Win32
		{7DD5CBE3-BEC0-48F0-950A-6B0B1C104105}.Release|x86.Build.0 = Release|Win32
		{39888074-6239-497A-8154-9E2022F26C22}.Debug|x64.ActiveCfg = Debug|Win32
		{39888074-6239-497A-8154-9E2022F26C22}.Debug|x86.ActiveCfg = Debug|Win32
		{39888074-6239-497A-8154-9E2022F26C22}.Debug|x86.Build.0 = Debug|Win32
		{39888074-6239-497A-8154-9E2022F26C22}.Release|x64.ActiveCfg = Release|Win32
		{39888074-6239-497A-8154-9E2022F26C22}.Release|x86.ActiveCfg = Release|Win32
		{39888074-6239-497A-8154-9E2022F26C22}.Release|x86.Build.0 = Release|Win32
		{75367C11-E3C2-439F-8F85-01D2A6735BD0}.Debug|x64.ActiveCfg = Debug|Win32
		{75367C11-E3C2-439F-8F85-01D2A6735BD0}.Debug|x86.ActiveCfg = Debug|Win32
		{75367C11-E3C2-439F-8F85-01D2A6735BD0}.Debug|x86.Build.0 = Debug|Win32
		{75367C11-E3C2-439F-8F85-01D2A6735BD0}.Release|x64.ActiveCfg = Release|Win32
		{75367C11-E3C2-439F-8F85-01D2A6735BD0}.Release|x86.ActiveCfg = Release|Win32
		{75367C11-E3C2-439F-8F85-01D2A6735BD0}.Release|x86.Build.0 = Release|Win32
	EndGlobalSection
	GlobalSection(SolutionProperties) = preSolution
		HideSolutionNode = FALSE
	EndGlobalSection
EndGlobal
